
Microsoft Visual Studio Solution File, Format Version 12.00
# Visual Studio Version 16
VisualStudioVersion = 16.0.30621.155
MinimumVisualStudioVersion = 10.0.40219.1
Project("{9A19103F-16F7-4668-BE54-9A1E7A4F7556}") = "HmvScraping", "HmvScraping\HmvScraping.csproj", "{B968B79E-C80C-42A4-8D82-D35C457DC51D}"
EndProject
Project("{9A19103F-16F7-4668-BE54-9A1E7A4F7556}") = "HmvScraping.Console", "HmvScraping.Console\HmvScraping.Console.csproj", "{A6FFDE9B-C21A-4CD5-9961-897EBD6FB075}"
EndProject
Global
	GlobalSection(SolutionConfigurationPlatforms) = preSolution
		Debug|Any CPU = Debug|Any CPU
		Release|Any CPU = Release|Any CPU
	EndGlobalSection
	GlobalSection(ProjectConfigurationPlatforms) = postSolution
		{B968B79E-C80C-42A4-8D82-D35C457DC51D}.Debug|Any CPU.ActiveCfg = Debug|Any CPU
		{B968B79E-C80C-42A4-8D82-D35C457DC51D}.Debug|Any CPU.Build.0 = Debug|Any CPU
		{B968B79E-C80C-42A4-8D82-D35C457DC51D}.Release|Any CPU.ActiveCfg = Release|Any CPU
		{B968B79E-C80C-42A4-8D82-D35C457DC51D}.Release|Any CPU.Build.0 = Release|Any CPU
		{A6FFDE9B-C21A-4CD5-9961-897EBD6FB075}.Debug|Any CPU.ActiveCfg = Debug|Any CPU
		{A6FFDE9B-C21A-4CD5-9961-897EBD6FB075}.Debug|Any CPU.Build.0 = Debug|Any CPU
		{A6FFDE9B-C21A-4CD5-9961-897EBD6FB075}.Release|Any CPU.ActiveCfg = Release|Any CPU
		{A6FFDE9B-C21A-4CD5-9961-897EBD6FB075}.Release|Any CPU.Build.0 = Release|Any CPU
	EndGlobalSection
	GlobalSection(SolutionProperties) = preSolution
		HideSolutionNode = FALSE
	EndGlobalSection
	GlobalSection(ExtensibilityGlobals) = postSolution
		SolutionGuid = {90BC6C8C-D282-4BB6-8BEC-22F505170E58}
	EndGlobalSection
EndGlobal
